
Microsoft Visual Studio Solution File, Format Version 12.00
# Visual Studio 15
VisualStudioVersion = 15.0.28010.2003
MinimumVisualStudioVersion = 10.0.40219.1
Project("{FAE04EC0-301F-11D3-BF4B-00C04F79EFBC}") = "WebcamTest", "WebcamTest\WebcamTest.csproj", "{117CBCBC-9503-4093-A9A9-73BEAE2BA6F2}"
EndProject
Global
	GlobalSection(SolutionConfigurationPlatforms) = preSolution
		Debug|Any CPU = Debug|Any CPU
		Release|Any CPU = Release|Any CPU
	EndGlobalSection
	GlobalSection(ProjectConfigurationPlatforms) = postSolution
		{117CBCBC-9503-4093-A9A9-73BEAE2BA6F2}.Debug|Any CPU.ActiveCfg = Debug|Any CPU
		{117CBCBC-9503-4093-A9A9-73BEAE2BA6F2}.Debug|Any CPU.Build.0 = Debug|Any CPU
		{117CBCBC-9503-4093-A9A9-73BEAE2BA6F2}.Release|Any CPU.ActiveCfg = Release|Any CPU
		{117CBCBC-9503-4093-A9A9-73BEAE2BA6F2}.Release|Any CPU.Build.0 = Release|Any CPU
	EndGlobalSection
	GlobalSection(SolutionProperties) = preSolution
		HideSolutionNode = FALSE
	EndGlobalSection
	GlobalSection(ExtensibilityGlobals) = postSolution
		SolutionGuid = {60422333-B290-4F1F-B94D-BA83903D3A10}
	EndGlobalSection
EndGlobal
